
Microsoft Visual Studio Solution File, Format Version 12.00
# Visual Studio Version 16
VisualStudioVersion = 16.0.31424.327
MinimumVisualStudioVersion = 10.0.40219.1
Project("{FAE04EC0-301F-11D3-BF4B-00C04F79EFBC}") = "WorkFlow", "WorkFlow\WorkFlow.csproj", "{35F0A8CD-6AE8-433E-B48F-4FA995D88101}"
EndProject
Global
	GlobalSection(SolutionConfigurationPlatforms) = preSolution
		Debug|Any CPU = Debug|Any CPU
		Release|Any CPU = Release|Any CPU
	EndGlobalSection
	GlobalSection(ProjectConfigurationPlatforms) = postSolution
		{35F0A8CD-6AE8-433E-B48F-4FA995D88101}.Debug|Any CPU.ActiveCfg = Debug|Any CPU
		{35F0A8CD-6AE8-433E-B48F-4FA995D88101}.Debug|Any CPU.Build.0 = Debug|Any CPU
		{35F0A8CD-6AE8-433E-B48F-4FA995D88101}.Release|Any CPU.ActiveCfg = Release|Any CPU
		{35F0A8CD-6AE8-433E-B48F-4FA995D88101}.Release|Any CPU.Build.0 = Release|Any CPU
	EndGlobalSection
	GlobalSection(SolutionProperties) = preSolution
		HideSolutionNode = FALSE
	EndGlobalSection
	GlobalSection(ExtensibilityGlobals) = postSolution
		SolutionGuid = {EA4B2877-261F-4C11-AEEB-C9F177853BC3}
	EndGlobalSection
EndGlobal
