
Microsoft Visual Studio Solution File, Format Version 12.00
# Visual Studio Version 16
VisualStudioVersion = 16.0.31424.327
MinimumVisualStudioVersion = 10.0.40219.1
Project("{FAE04EC0-301F-11D3-BF4B-00C04F79EFBC}") = "CSharpFundamentals", "CSharpFundamentals\CSharpFundamentals.csproj", "{81B64E61-353C-42DD-AC16-636E3E6EFE3B}"
EndProject
Global
	GlobalSection(SolutionConfigurationPlatforms) = preSolution
		Debug|Any CPU = Debug|Any CPU
		Release|Any CPU = Release|Any CPU
	EndGlobalSection
	GlobalSection(ProjectConfigurationPlatforms) = postSolution
		{81B64E61-353C-42DD-AC16-636E3E6EFE3B}.Debug|Any CPU.ActiveCfg = Debug|Any CPU
		{81B64E61-353C-42DD-AC16-636E3E6EFE3B}.Debug|Any CPU.Build.0 = Debug|Any CPU
		{81B64E61-353C-42DD-AC16-636E3E6EFE3B}.Release|Any CPU.ActiveCfg = Release|Any CPU
		{81B64E61-353C-42DD-AC16-636E3E6EFE3B}.Release|Any CPU.Build.0 = Release|Any CPU
	EndGlobalSection
	GlobalSection(SolutionProperties) = preSolution
		HideSolutionNode = FALSE
	EndGlobalSection
	GlobalSection(ExtensibilityGlobals) = postSolution
		SolutionGuid = {7ECB738A-810B-45F2-80F7-5777300187C6}
	EndGlobalSection
EndGlobal
