
Microsoft Visual Studio Solution File, Format Version 12.00
# Visual Studio Version 16
VisualStudioVersion = 16.0.31424.327
MinimumVisualStudioVersion = 10.0.40219.1
Project("{FAE04EC0-301F-11D3-BF4B-00C04F79EFBC}") = "Juros Compostos", "Juros Compostos\Juros Compostos.csproj", "{B3D066A9-8AA0-4C08-BFAA-B952082280DF}"
EndProject
Global
	GlobalSection(SolutionConfigurationPlatforms) = preSolution
		Debug|Any CPU = Debug|Any CPU
		Release|Any CPU = Release|Any CPU
	EndGlobalSection
	GlobalSection(ProjectConfigurationPlatforms) = postSolution
		{B3D066A9-8AA0-4C08-BFAA-B952082280DF}.Debug|Any CPU.ActiveCfg = Debug|Any CPU
		{B3D066A9-8AA0-4C08-BFAA-B952082280DF}.Debug|Any CPU.Build.0 = Debug|Any CPU
		{B3D066A9-8AA0-4C08-BFAA-B952082280DF}.Release|Any CPU.ActiveCfg = Release|Any CPU
		{B3D066A9-8AA0-4C08-BFAA-B952082280DF}.Release|Any CPU.Build.0 = Release|Any CPU
	EndGlobalSection
	GlobalSection(SolutionProperties) = preSolution
		HideSolutionNode = FALSE
	EndGlobalSection
	GlobalSection(ExtensibilityGlobals) = postSolution
		SolutionGuid = {7523E873-3891-4E38-B105-84D29B6B77D4}
	EndGlobalSection
EndGlobal
