
Microsoft Visual Studio Solution File, Format Version 12.00
# Visual Studio Version 16
VisualStudioVersion = 16.0.31424.327
MinimumVisualStudioVersion = 10.0.40219.1
Project("{FAE04EC0-301F-11D3-BF4B-00C04F79EFBC}") = "Stopwatch", "Stopwatch\Stopwatch.csproj", "{EB21B629-0405-4B85-B4C1-82BC8659DB6E}"
EndProject
Global
	GlobalSection(SolutionConfigurationPlatforms) = preSolution
		Debug|Any CPU = Debug|Any CPU
		Release|Any CPU = Release|Any CPU
	EndGlobalSection
	GlobalSection(ProjectConfigurationPlatforms) = postSolution
		{EB21B629-0405-4B85-B4C1-82BC8659DB6E}.Debug|Any CPU.ActiveCfg = Debug|Any CPU
		{EB21B629-0405-4B85-B4C1-82BC8659DB6E}.Debug|Any CPU.Build.0 = Debug|Any CPU
		{EB21B629-0405-4B85-B4C1-82BC8659DB6E}.Release|Any CPU.ActiveCfg = Release|Any CPU
		{EB21B629-0405-4B85-B4C1-82BC8659DB6E}.Release|Any CPU.Build.0 = Release|Any CPU
	EndGlobalSection
	GlobalSection(SolutionProperties) = preSolution
		HideSolutionNode = FALSE
	EndGlobalSection
	GlobalSection(ExtensibilityGlobals) = postSolution
		SolutionGuid = {822C4594-E23E-4B84-A458-18CC638816F9}
	EndGlobalSection
EndGlobal
