
Microsoft Visual Studio Solution File, Format Version 12.00
# Visual Studio Version 16
VisualStudioVersion = 16.0.31424.327
MinimumVisualStudioVersion = 10.0.40219.1
Project("{FAE04EC0-301F-11D3-BF4B-00C04F79EFBC}") = "StackOverFlowPostConsole", "StackOverFlowPostConsole\StackOverFlowPostConsole.csproj", "{05A284BF-D8A7-4554-8EC3-F8848CA9A348}"
EndProject
Global
	GlobalSection(SolutionConfigurationPlatforms) = preSolution
		Debug|Any CPU = Debug|Any CPU
		Release|Any CPU = Release|Any CPU
	EndGlobalSection
	GlobalSection(ProjectConfigurationPlatforms) = postSolution
		{05A284BF-D8A7-4554-8EC3-F8848CA9A348}.Debug|Any CPU.ActiveCfg = Debug|Any CPU
		{05A284BF-D8A7-4554-8EC3-F8848CA9A348}.Debug|Any CPU.Build.0 = Debug|Any CPU
		{05A284BF-D8A7-4554-8EC3-F8848CA9A348}.Release|Any CPU.ActiveCfg = Release|Any CPU
		{05A284BF-D8A7-4554-8EC3-F8848CA9A348}.Release|Any CPU.Build.0 = Release|Any CPU
	EndGlobalSection
	GlobalSection(SolutionProperties) = preSolution
		HideSolutionNode = FALSE
	EndGlobalSection
	GlobalSection(ExtensibilityGlobals) = postSolution
		SolutionGuid = {BB9C45DC-CACF-424F-9F70-CCDE4A444157}
	EndGlobalSection
EndGlobal
