
Microsoft Visual Studio Solution File, Format Version 12.00
# Visual Studio Version 16
VisualStudioVersion = 16.0.31424.327
MinimumVisualStudioVersion = 10.0.40219.1
Project("{FAE04EC0-301F-11D3-BF4B-00C04F79EFBC}") = "Variables", "Variables\Variables.csproj", "{C25C1336-6B88-4506-92E0-A4856051BDB5}"
EndProject
Global
	GlobalSection(SolutionConfigurationPlatforms) = preSolution
		Debug|Any CPU = Debug|Any CPU
		Release|Any CPU = Release|Any CPU
	EndGlobalSection
	GlobalSection(ProjectConfigurationPlatforms) = postSolution
		{C25C1336-6B88-4506-92E0-A4856051BDB5}.Debug|Any CPU.ActiveCfg = Debug|Any CPU
		{C25C1336-6B88-4506-92E0-A4856051BDB5}.Debug|Any CPU.Build.0 = Debug|Any CPU
		{C25C1336-6B88-4506-92E0-A4856051BDB5}.Release|Any CPU.ActiveCfg = Release|Any CPU
		{C25C1336-6B88-4506-92E0-A4856051BDB5}.Release|Any CPU.Build.0 = Release|Any CPU
	EndGlobalSection
	GlobalSection(SolutionProperties) = preSolution
		HideSolutionNode = FALSE
	EndGlobalSection
	GlobalSection(ExtensibilityGlobals) = postSolution
		SolutionGuid = {EFB43CBA-96BD-45EF-BEF0-DA4F5A8454B4}
	EndGlobalSection
EndGlobal
